
Microsoft Visual Studio Solution File, Format Version 12.00
Project("{FAE04EC0-301F-11D3-BF4B-00C04F79EFBC}") = "Agenda.Domain", "Agenda.Domain\Agenda.Domain.csproj", "{98C7F762-AC4D-46A1-82F6-A83FF57CCEEF}"
EndProject
Project("{FAE04EC0-301F-11D3-BF4B-00C04F79EFBC}") = "Agenda.Shared", "Agenda.Shared\Agenda.Shared.csproj", "{EE75E45C-8CE0-4C46-999E-8E3BF0E175FE}"
EndProject
Project("{FAE04EC0-301F-11D3-BF4B-00C04F79EFBC}") = "Agenda.Infra", "Agenda.Infra\Agenda.Infra.csproj", "{672FD30E-EDF5-4693-8A1A-D1B7500B0B96}"
EndProject
Project("{FAE04EC0-301F-11D3-BF4B-00C04F79EFBC}") = "Agenda.Api", "Agenda.Api\Agenda.Api.csproj", "{61F14B70-B68F-4D64-91EB-B1659CB9FCA2}"
EndProject
Project("{FAE04EC0-301F-11D3-BF4B-00C04F79EFBC}") = "Agenda.Infra.IoC", "Agenda.Infra.IoC\Agenda.Infra.IoC.csproj", "{77A6FB55-6D73-4A32-9E15-ADF10697A1AE}"
EndProject
Global
	GlobalSection(SolutionConfigurationPlatforms) = preSolution
		Debug|Any CPU = Debug|Any CPU
		Release|Any CPU = Release|Any CPU
	EndGlobalSection
	GlobalSection(ProjectConfigurationPlatforms) = postSolution
		{98C7F762-AC4D-46A1-82F6-A83FF57CCEEF}.Debug|Any CPU.ActiveCfg = Debug|Any CPU
		{98C7F762-AC4D-46A1-82F6-A83FF57CCEEF}.Debug|Any CPU.Build.0 = Debug|Any CPU
		{98C7F762-AC4D-46A1-82F6-A83FF57CCEEF}.Release|Any CPU.ActiveCfg = Release|Any CPU
		{98C7F762-AC4D-46A1-82F6-A83FF57CCEEF}.Release|Any CPU.Build.0 = Release|Any CPU
		{EE75E45C-8CE0-4C46-999E-8E3BF0E175FE}.Debug|Any CPU.ActiveCfg = Debug|Any CPU
		{EE75E45C-8CE0-4C46-999E-8E3BF0E175FE}.Debug|Any CPU.Build.0 = Debug|Any CPU
		{EE75E45C-8CE0-4C46-999E-8E3BF0E175FE}.Release|Any CPU.ActiveCfg = Release|Any CPU
		{EE75E45C-8CE0-4C46-999E-8E3BF0E175FE}.Release|Any CPU.Build.0 = Release|Any CPU
		{672FD30E-EDF5-4693-8A1A-D1B7500B0B96}.Debug|Any CPU.ActiveCfg = Debug|Any CPU
		{672FD30E-EDF5-4693-8A1A-D1B7500B0B96}.Debug|Any CPU.Build.0 = Debug|Any CPU
		{672FD30E-EDF5-4693-8A1A-D1B7500B0B96}.Release|Any CPU.ActiveCfg = Release|Any CPU
		{672FD30E-EDF5-4693-8A1A-D1B7500B0B96}.Release|Any CPU.Build.0 = Release|Any CPU
		{61F14B70-B68F-4D64-91EB-B1659CB9FCA2}.Debug|Any CPU.ActiveCfg = Debug|Any CPU
		{61F14B70-B68F-4D64-91EB-B1659CB9FCA2}.Debug|Any CPU.Build.0 = Debug|Any CPU
		{61F14B70-B68F-4D64-91EB-B1659CB9FCA2}.Release|Any CPU.ActiveCfg = Release|Any CPU
		{61F14B70-B68F-4D64-91EB-B1659CB9FCA2}.Release|Any CPU.Build.0 = Release|Any CPU
		{77A6FB55-6D73-4A32-9E15-ADF10697A1AE}.Debug|Any CPU.ActiveCfg = Debug|Any CPU
		{77A6FB55-6D73-4A32-9E15-ADF10697A1AE}.Debug|Any CPU.Build.0 = Debug|Any CPU
		{77A6FB55-6D73-4A32-9E15-ADF10697A1AE}.Release|Any CPU.ActiveCfg = Release|Any CPU
		{77A6FB55-6D73-4A32-9E15-ADF10697A1AE}.Release|Any CPU.Build.0 = Release|Any CPU
	EndGlobalSection
EndGlobal
